
Microsoft Visual Studio Solution File, Format Version 12.00
# Visual Studio Version 16
VisualStudioVersion = 16.0.30711.63
MinimumVisualStudioVersion = 10.0.40219.1
Project("{9A19103F-16F7-4668-BE54-9A1E7A4F7556}") = "Demo", "ConvertObjToFbxAndColorate\Demo.csproj", "{DC964A1D-6DF8-46A1-AE14-31DBFFE7B43D}"
EndProject
Project("{FAE04EC0-301F-11D3-BF4B-00C04F79EFBC}") = "Solver", "MergeAndColorateObjFilesToFbxFile\Solver.csproj", "{F7DA1362-EBF6-4318-A46F-FBDFE9C4884E}"
EndProject
Global
	GlobalSection(SolutionConfigurationPlatforms) = preSolution
		Debug|Any CPU = Debug|Any CPU
		Release|Any CPU = Release|Any CPU
	EndGlobalSection
	GlobalSection(ProjectConfigurationPlatforms) = postSolution
		{DC964A1D-6DF8-46A1-AE14-31DBFFE7B43D}.Debug|Any CPU.ActiveCfg = Debug|Any CPU
		{DC964A1D-6DF8-46A1-AE14-31DBFFE7B43D}.Debug|Any CPU.Build.0 = Debug|Any CPU
		{DC964A1D-6DF8-46A1-AE14-31DBFFE7B43D}.Release|Any CPU.ActiveCfg = Release|Any CPU
		{DC964A1D-6DF8-46A1-AE14-31DBFFE7B43D}.Release|Any CPU.Build.0 = Release|Any CPU
		{F7DA1362-EBF6-4318-A46F-FBDFE9C4884E}.Debug|Any CPU.ActiveCfg = Debug|Any CPU
		{F7DA1362-EBF6-4318-A46F-FBDFE9C4884E}.Debug|Any CPU.Build.0 = Debug|Any CPU
		{F7DA1362-EBF6-4318-A46F-FBDFE9C4884E}.Release|Any CPU.ActiveCfg = Release|Any CPU
		{F7DA1362-EBF6-4318-A46F-FBDFE9C4884E}.Release|Any CPU.Build.0 = Release|Any CPU
	EndGlobalSection
	GlobalSection(SolutionProperties) = preSolution
		HideSolutionNode = FALSE
	EndGlobalSection
	GlobalSection(ExtensibilityGlobals) = postSolution
		SolutionGuid = {5B8F790F-3389-4844-A94B-E237ADC8A1FA}
	EndGlobalSection
EndGlobal
